
Microsoft Visual Studio Solution File, Format Version 11.00
# Visual Studio 2010
Project("{F184B08F-C81C-45F6-A57F-5ABD9991F28F}") = "WcfWebApi", "WcfWebApi\WcfWebApi.vbproj", "{6A5EB900-9232-48E5-A203-F6C3B11C1672}"
EndProject
Global
	GlobalSection(SolutionConfigurationPlatforms) = preSolution
		Debug|Any CPU = Debug|Any CPU
		Release|Any CPU = Release|Any CPU
	EndGlobalSection
	GlobalSection(ProjectConfigurationPlatforms) = postSolution
		{6A5EB900-9232-48E5-A203-F6C3B11C1672}.Debug|Any CPU.ActiveCfg = Debug|Any CPU
		{6A5EB900-9232-48E5-A203-F6C3B11C1672}.Debug|Any CPU.Build.0 = Debug|Any CPU
		{6A5EB900-9232-48E5-A203-F6C3B11C1672}.Release|Any CPU.ActiveCfg = Release|Any CPU
		{6A5EB900-9232-48E5-A203-F6C3B11C1672}.Release|Any CPU.Build.0 = Release|Any CPU
	EndGlobalSection
	GlobalSection(SolutionProperties) = preSolution
		HideSolutionNode = FALSE
	EndGlobalSection
EndGlobal
